
Microsoft Visual Studio Solution File, Format Version 12.00
# Visual Studio Version 17
VisualStudioVersion = 17.9.34728.123
MinimumVisualStudioVersion = 10.0.40219.1
Project("{FAE04EC0-301F-11D3-BF4B-00C04F79EFBC}") = "Simple_Math_Expression_Evaluator_V2", "Simple_Math_Expression_Evaluator_V2.csproj", "{964D6A60-3C17-48DF-B4BA-14CFFD7DC54F}"
EndProject
Global
	GlobalSection(SolutionConfigurationPlatforms) = preSolution
		Debug|Any CPU = Debug|Any CPU
		Release|Any CPU = Release|Any CPU
	EndGlobalSection
	GlobalSection(ProjectConfigurationPlatforms) = postSolution
		{964D6A60-3C17-48DF-B4BA-14CFFD7DC54F}.Debug|Any CPU.ActiveCfg = Debug|Any CPU
		{964D6A60-3C17-48DF-B4BA-14CFFD7DC54F}.Debug|Any CPU.Build.0 = Debug|Any CPU
		{964D6A60-3C17-48DF-B4BA-14CFFD7DC54F}.Release|Any CPU.ActiveCfg = Release|Any CPU
		{964D6A60-3C17-48DF-B4BA-14CFFD7DC54F}.Release|Any CPU.Build.0 = Release|Any CPU
	EndGlobalSection
	GlobalSection(SolutionProperties) = preSolution
		HideSolutionNode = FALSE
	EndGlobalSection
	GlobalSection(ExtensibilityGlobals) = postSolution
		SolutionGuid = {0153E435-2A55-46D6-B6C0-7F5451658EE6}
	EndGlobalSection
EndGlobal
